// !$*UTF8*$!
{
	archiveVersion = 1;
	classes = {
	};
	objectVersion = 50;
	objects = {

/* Begin PBXBuildFile section */
		653BD56E22D101FD00FBFB3A /* StreaksManager.swift in Sources */ = {isa = PBXBuildFile; fileRef = 653BD56D22D101FD00FBFB3A /* StreaksManager.swift */; };
		653BD57122D1023300FBFB3A /* Settings.swift in Sources */ = {isa = PBXBuildFile; fileRef = 653BD57022D1023300FBFB3A /* Settings.swift */; };
		653BD57322D1024800FBFB3A /* UserSettings.swift in Sources */ = {isa = PBXBuildFile; fileRef = 653BD57222D1024800FBFB3A /* UserSettings.swift */; };
		653BD57722D1305B00FBFB3A /* WorkOutDefinitions.swift in Sources */ = {isa = PBXBuildFile; fileRef = 653BD57622D1305B00FBFB3A /* WorkOutDefinitions.swift */; };
		653C03DA22CBE2AE000F507A /* WorkOutsManagerTest.swift in Sources */ = {isa = PBXBuildFile; fileRef = 653C03D922CBE2AE000F507A /* WorkOutsManagerTest.swift */; };
		653C03DD22CC0092000F507A /* DaySeries.swift in Sources */ = {isa = PBXBuildFile; fileRef = 653C03DC22CC0092000F507A /* DaySeries.swift */; };
		6542AB9A22EA545C00EA910E /* Utils.swift in Sources */ = {isa = PBXBuildFile; fileRef = 6542AB9922EA545C00EA910E /* Utils.swift */; };
		6542AB9D22EC785F00EA910E /* StreaksView.swift in Sources */ = {isa = PBXBuildFile; fileRef = 6542AB9C22EC785F00EA910E /* StreaksView.swift */; };
		6542AB9F22ECC0C200EA910E /* Frequency.swift in Sources */ = {isa = PBXBuildFile; fileRef = 6542AB9E22ECC0C200EA910E /* Frequency.swift */; };
		6542ABA222EDAB8500EA910E /* UnexpectedFrequencyTypeError.swift in Sources */ = {isa = PBXBuildFile; fileRef = 6542ABA122EDAB8500EA910E /* UnexpectedFrequencyTypeError.swift */; };
		6542ABA422EDC93600EA910E /* UnsupportedPeriodTypeError.swift in Sources */ = {isa = PBXBuildFile; fileRef = 6542ABA322EDC93600EA910E /* UnsupportedPeriodTypeError.swift */; };
		6542ABA722EDCBFC00EA910E /* Day.swift in Sources */ = {isa = PBXBuildFile; fileRef = 6542ABA622EDCBFC00EA910E /* Day.swift */; };
		6542ABA922EDCD5C00EA910E /* Week.swift in Sources */ = {isa = PBXBuildFile; fileRef = 6542ABA822EDCD5C00EA910E /* Week.swift */; };
		6542ABAB22EF8BE400EA910E /* AddSeriesView.swift in Sources */ = {isa = PBXBuildFile; fileRef = 6542ABAA22EF8BE400EA910E /* AddSeriesView.swift */; };
		6542ABAE22EF927900EA910E /* SortedRecentSet.swift in Sources */ = {isa = PBXBuildFile; fileRef = 6542ABAD22EF927900EA910E /* SortedRecentSet.swift */; };
		6542B32922CE85950060763E /* SingleWorkOutSeriesList.swift in Sources */ = {isa = PBXBuildFile; fileRef = 6542B32822CE85950060763E /* SingleWorkOutSeriesList.swift */; };
		6542B32B22CE8D280060763E /* MuscleGroup.swift in Sources */ = {isa = PBXBuildFile; fileRef = 6542B32A22CE8D280060763E /* MuscleGroup.swift */; };
		6542B32D22CEB8430060763E /* MovementType.swift in Sources */ = {isa = PBXBuildFile; fileRef = 6542B32C22CEB8430060763E /* MovementType.swift */; };
		656B493222CA9084001A5B0A /* Series.swift in Sources */ = {isa = PBXBuildFile; fileRef = 656B493122CA9084001A5B0A /* Series.swift */; };
		656B493622CA90CD001A5B0A /* WorkOut.swift in Sources */ = {isa = PBXBuildFile; fileRef = 656B493522CA90CD001A5B0A /* WorkOut.swift */; };
		656B493822CA9FA9001A5B0A /* WorkOutsManager.swift in Sources */ = {isa = PBXBuildFile; fileRef = 656B493722CA9FA9001A5B0A /* WorkOutsManager.swift */; };
		656B493A22CA9FE8001A5B0A /* Persistence.swift in Sources */ = {isa = PBXBuildFile; fileRef = 656B493922CA9FE8001A5B0A /* Persistence.swift */; };
		656B493C22CAA007001A5B0A /* CsvPersistence.swift in Sources */ = {isa = PBXBuildFile; fileRef = 656B493B22CAA007001A5B0A /* CsvPersistence.swift */; };
		656B493E22CABB77001A5B0A /* SeriesList.swift in Sources */ = {isa = PBXBuildFile; fileRef = 656B493D22CABB77001A5B0A /* SeriesList.swift */; };
		6580ED6D22BFDFD4005D4E71 /* AppDelegate.swift in Sources */ = {isa = PBXBuildFile; fileRef = 6580ED6C22BFDFD4005D4E71 /* AppDelegate.swift */; };
		6580ED6F22BFDFD4005D4E71 /* ContentView.swift in Sources */ = {isa = PBXBuildFile; fileRef = 6580ED6E22BFDFD4005D4E71 /* ContentView.swift */; };
		6580ED7222BFDFD4005D4E71 /* Mockingbird.xcdatamodeld in Sources */ = {isa = PBXBuildFile; fileRef = 6580ED7022BFDFD4005D4E71 /* Mockingbird.xcdatamodeld */; };
		6580ED7422BFDFD7005D4E71 /* Assets.xcassets in Resources */ = {isa = PBXBuildFile; fileRef = 6580ED7322BFDFD7005D4E71 /* Assets.xcassets */; };
		6580ED7722BFDFD7005D4E71 /* Preview Assets.xcassets in Resources */ = {isa = PBXBuildFile; fileRef = 6580ED7622BFDFD7005D4E71 /* Preview Assets.xcassets */; };
		6580ED7A22BFDFD7005D4E71 /* Main.storyboard in Resources */ = {isa = PBXBuildFile; fileRef = 6580ED7822BFDFD7005D4E71 /* Main.storyboard */; };
		6580ED8622BFDFD7005D4E71 /* MockingbirdTests.swift in Sources */ = {isa = PBXBuildFile; fileRef = 6580ED8522BFDFD7005D4E71 /* MockingbirdTests.swift */; };
		65F87FB922D14F880076BD40 /* DateUtils.swift in Sources */ = {isa = PBXBuildFile; fileRef = 65F87FB822D14F880076BD40 /* DateUtils.swift */; };
/* End PBXBuildFile section */

/* Begin PBXContainerItemProxy section */
		6580ED8222BFDFD7005D4E71 /* PBXContainerItemProxy */ = {
			isa = PBXContainerItemProxy;
			containerPortal = 6580ED6122BFDFD4005D4E71 /* Project object */;
			proxyType = 1;
			remoteGlobalIDString = 6580ED6822BFDFD4005D4E71;
			remoteInfo = Mockingbird;
		};
/* End PBXContainerItemProxy section */

/* Begin PBXFileReference section */
		653BD56D22D101FD00FBFB3A /* StreaksManager.swift */ = {isa = PBXFileReference; lastKnownFileType = sourcecode.swift; path = StreaksManager.swift; sourceTree = "<group>"; };
		653BD57022D1023300FBFB3A /* Settings.swift */ = {isa = PBXFileReference; lastKnownFileType = sourcecode.swift; path = Settings.swift; sourceTree = "<group>"; };
		653BD57222D1024800FBFB3A /* UserSettings.swift */ = {isa = PBXFileReference; lastKnownFileType = sourcecode.swift; path = UserSettings.swift; sourceTree = "<group>"; };
		653BD57622D1305B00FBFB3A /* WorkOutDefinitions.swift */ = {isa = PBXFileReference; lastKnownFileType = sourcecode.swift; path = WorkOutDefinitions.swift; sourceTree = "<group>"; };
		653C03D922CBE2AE000F507A /* WorkOutsManagerTest.swift */ = {isa = PBXFileReference; lastKnownFileType = sourcecode.swift; path = WorkOutsManagerTest.swift; sourceTree = "<group>"; };
		653C03DC22CC0092000F507A /* DaySeries.swift */ = {isa = PBXFileReference; lastKnownFileType = sourcecode.swift; path = DaySeries.swift; sourceTree = "<group>"; };
		6542AB9922EA545C00EA910E /* Utils.swift */ = {isa = PBXFileReference; lastKnownFileType = sourcecode.swift; name = Utils.swift; path = ../../../../../System/Volumes/Data/Users/jcl/XCodeProjects/Mockingbird/Mockingbird/Utils.swift; sourceTree = "<group>"; };
		6542AB9C22EC785F00EA910E /* StreaksView.swift */ = {isa = PBXFileReference; lastKnownFileType = sourcecode.swift; name = StreaksView.swift; path = ../../../../../../System/Volumes/Data/Users/jcl/XCodeProjects/Mockingbird/Mockingbird/Views/StreaksView.swift; sourceTree = "<group>"; };
		6542AB9E22ECC0C200EA910E /* Frequency.swift */ = {isa = PBXFileReference; lastKnownFileType = sourcecode.swift; name = Frequency.swift; path = ../../../../../../System/Volumes/Data/Users/jcl/XCodeProjects/Mockingbird/Mockingbird/Streaks/Frequency.swift; sourceTree = "<group>"; };
		6542ABA122EDAB8500EA910E /* UnexpectedFrequencyTypeError.swift */ = {isa = PBXFileReference; lastKnownFileType = sourcecode.swift; name = UnexpectedFrequencyTypeError.swift; path = ../../../../../../System/Volumes/Data/Users/jcl/XCodeProjects/Mockingbird/Mockingbird/Errors/UnexpectedFrequencyTypeError.swift; sourceTree = "<group>"; };
		6542ABA322EDC93600EA910E /* UnsupportedPeriodTypeError.swift */ = {isa = PBXFileReference; lastKnownFileType = sourcecode.swift; name = UnsupportedPeriodTypeError.swift; path = ../../../../../../System/Volumes/Data/Users/jcl/XCodeProjects/Mockingbird/Mockingbird/Errors/UnsupportedPeriodTypeError.swift; sourceTree = "<group>"; };
		6542ABA622EDCBFC00EA910E /* Day.swift */ = {isa = PBXFileReference; lastKnownFileType = sourcecode.swift; name = Day.swift; path = ../../../../../../System/Volumes/Data/Users/jcl/XCodeProjects/Mockingbird/Mockingbird/Time/Day.swift; sourceTree = "<group>"; };
		6542ABA822EDCD5C00EA910E /* Week.swift */ = {isa = PBXFileReference; lastKnownFileType = sourcecode.swift; name = Week.swift; path = ../../../../../../System/Volumes/Data/Users/jcl/XCodeProjects/Mockingbird/Mockingbird/Time/Week.swift; sourceTree = "<group>"; };
		6542ABAA22EF8BE400EA910E /* AddSeriesView.swift */ = {isa = PBXFileReference; lastKnownFileType = sourcecode.swift; name = AddSeriesView.swift; path = ../../../../../../System/Volumes/Data/Users/jcl/XCodeProjects/Mockingbird/Mockingbird/Views/AddSeriesView.swift; sourceTree = "<group>"; };
		6542ABAD22EF927900EA910E /* SortedRecentSet.swift */ = {isa = PBXFileReference; lastKnownFileType = sourcecode.swift; name = SortedRecentSet.swift; path = ../../../../../../System/Volumes/Data/Users/jcl/XCodeProjects/Mockingbird/Mockingbird/DataStructures/SortedRecentSet.swift; sourceTree = "<group>"; };
		6542B32822CE85950060763E /* SingleWorkOutSeriesList.swift */ = {isa = PBXFileReference; lastKnownFileType = sourcecode.swift; path = SingleWorkOutSeriesList.swift; sourceTree = "<group>"; };
		6542B32A22CE8D280060763E /* MuscleGroup.swift */ = {isa = PBXFileReference; lastKnownFileType = sourcecode.swift; path = MuscleGroup.swift; sourceTree = "<group>"; };
		6542B32C22CEB8430060763E /* MovementType.swift */ = {isa = PBXFileReference; lastKnownFileType = sourcecode.swift; path = MovementType.swift; sourceTree = "<group>"; };
		656B493122CA9084001A5B0A /* Series.swift */ = {isa = PBXFileReference; lastKnownFileType = sourcecode.swift; path = Series.swift; sourceTree = "<group>"; };
		656B493522CA90CD001A5B0A /* WorkOut.swift */ = {isa = PBXFileReference; lastKnownFileType = sourcecode.swift; path = WorkOut.swift; sourceTree = "<group>"; };
		656B493722CA9FA9001A5B0A /* WorkOutsManager.swift */ = {isa = PBXFileReference; lastKnownFileType = sourcecode.swift; path = WorkOutsManager.swift; sourceTree = "<group>"; };
		656B493922CA9FE8001A5B0A /* Persistence.swift */ = {isa = PBXFileReference; lastKnownFileType = sourcecode.swift; path = Persistence.swift; sourceTree = "<group>"; };
		656B493B22CAA007001A5B0A /* CsvPersistence.swift */ = {isa = PBXFileReference; lastKnownFileType = sourcecode.swift; path = CsvPersistence.swift; sourceTree = "<group>"; };
		656B493D22CABB77001A5B0A /* SeriesList.swift */ = {isa = PBXFileReference; lastKnownFileType = sourcecode.swift; path = SeriesList.swift; sourceTree = "<group>"; };
		6580ED6922BFDFD4005D4E71 /* Mockingbird.app */ = {isa = PBXFileReference; explicitFileType = wrapper.application; includeInIndex = 0; path = Mockingbird.app; sourceTree = BUILT_PRODUCTS_DIR; };
		6580ED6C22BFDFD4005D4E71 /* AppDelegate.swift */ = {isa = PBXFileReference; lastKnownFileType = sourcecode.swift; path = AppDelegate.swift; sourceTree = "<group>"; };
		6580ED6E22BFDFD4005D4E71 /* ContentView.swift */ = {isa = PBXFileReference; lastKnownFileType = sourcecode.swift; path = ContentView.swift; sourceTree = "<group>"; };
		6580ED7122BFDFD4005D4E71 /* Mockingbird.xcdatamodel */ = {isa = PBXFileReference; lastKnownFileType = wrapper.xcdatamodel; path = Mockingbird.xcdatamodel; sourceTree = "<group>"; };
		6580ED7322BFDFD7005D4E71 /* Assets.xcassets */ = {isa = PBXFileReference; lastKnownFileType = folder.assetcatalog; path = Assets.xcassets; sourceTree = "<group>"; };
		6580ED7622BFDFD7005D4E71 /* Preview Assets.xcassets */ = {isa = PBXFileReference; lastKnownFileType = folder.assetcatalog; path = "Preview Assets.xcassets"; sourceTree = "<group>"; };
		6580ED7922BFDFD7005D4E71 /* Base */ = {isa = PBXFileReference; lastKnownFileType = file.storyboard; name = Base; path = Base.lproj/Main.storyboard; sourceTree = "<group>"; };
		6580ED7B22BFDFD7005D4E71 /* Info.plist */ = {isa = PBXFileReference; lastKnownFileType = text.plist.xml; path = Info.plist; sourceTree = "<group>"; };
		6580ED7C22BFDFD7005D4E71 /* Mockingbird.entitlements */ = {isa = PBXFileReference; lastKnownFileType = text.plist.entitlements; path = Mockingbird.entitlements; sourceTree = "<group>"; };
		6580ED8122BFDFD7005D4E71 /* MockingbirdTests.xctest */ = {isa = PBXFileReference; explicitFileType = wrapper.cfbundle; includeInIndex = 0; path = MockingbirdTests.xctest; sourceTree = BUILT_PRODUCTS_DIR; };
		6580ED8522BFDFD7005D4E71 /* MockingbirdTests.swift */ = {isa = PBXFileReference; lastKnownFileType = sourcecode.swift; path = MockingbirdTests.swift; sourceTree = "<group>"; };
		6580ED8722BFDFD7005D4E71 /* Info.plist */ = {isa = PBXFileReference; lastKnownFileType = text.plist.xml; path = Info.plist; sourceTree = "<group>"; };
		65F87FB822D14F880076BD40 /* DateUtils.swift */ = {isa = PBXFileReference; lastKnownFileType = sourcecode.swift; path = DateUtils.swift; sourceTree = "<group>"; };
/* End PBXFileReference section */

/* Begin PBXFrameworksBuildPhase section */
		6580ED6622BFDFD4005D4E71 /* Frameworks */ = {
			isa = PBXFrameworksBuildPhase;
			buildActionMask = 2147483647;
			files = (
			);
			runOnlyForDeploymentPostprocessing = 0;
		};
		6580ED7E22BFDFD7005D4E71 /* Frameworks */ = {
			isa = PBXFrameworksBuildPhase;
			buildActionMask = 2147483647;
			files = (
			);
			runOnlyForDeploymentPostprocessing = 0;
		};
/* End PBXFrameworksBuildPhase section */

/* Begin PBXGroup section */
		653BD56F22D1020A00FBFB3A /* Streaks */ = {
			isa = PBXGroup;
			children = (
				653BD56D22D101FD00FBFB3A /* StreaksManager.swift */,
				6542AB9E22ECC0C200EA910E /* Frequency.swift */,
			);
			path = Streaks;
			sourceTree = "<group>";
		};
		653BD57422D1025C00FBFB3A /* Settings */ = {
			isa = PBXGroup;
			children = (
				653BD57022D1023300FBFB3A /* Settings.swift */,
				653BD57222D1024800FBFB3A /* UserSettings.swift */,
			);
			path = Settings;
			sourceTree = "<group>";
		};
		653BD57522D1303A00FBFB3A /* WorkOuts */ = {
			isa = PBXGroup;
			children = (
				656B493722CA9FA9001A5B0A /* WorkOutsManager.swift */,
				6542B32A22CE8D280060763E /* MuscleGroup.swift */,
				6542B32C22CEB8430060763E /* MovementType.swift */,
				656B493522CA90CD001A5B0A /* WorkOut.swift */,
				653BD57622D1305B00FBFB3A /* WorkOutDefinitions.swift */,
			);
			path = WorkOuts;
			sourceTree = "<group>";
		};
		653C03DB22CC0067000F507A /* Series */ = {
			isa = PBXGroup;
			children = (
				656B493122CA9084001A5B0A /* Series.swift */,
				653C03DC22CC0092000F507A /* DaySeries.swift */,
				656B493D22CABB77001A5B0A /* SeriesList.swift */,
				6542B32822CE85950060763E /* SingleWorkOutSeriesList.swift */,
			);
			path = Series;
			sourceTree = "<group>";
		};
		6542AB9B22EC782F00EA910E /* Views */ = {
			isa = PBXGroup;
			children = (
				6542AB9C22EC785F00EA910E /* StreaksView.swift */,
				6542ABAA22EF8BE400EA910E /* AddSeriesView.swift */,
			);
			path = Views;
			sourceTree = "<group>";
		};
		6542ABA022EDAB5B00EA910E /* Errors */ = {
			isa = PBXGroup;
			children = (
				6542ABA122EDAB8500EA910E /* UnexpectedFrequencyTypeError.swift */,
				6542ABA322EDC93600EA910E /* UnsupportedPeriodTypeError.swift */,
			);
			path = Errors;
			sourceTree = "<group>";
		};
		6542ABA522EDCBE400EA910E /* Time */ = {
			isa = PBXGroup;
			children = (
				65F87FB822D14F880076BD40 /* DateUtils.swift */,
				6542ABA622EDCBFC00EA910E /* Day.swift */,
				6542ABA822EDCD5C00EA910E /* Week.swift */,
			);
			path = Time;
			sourceTree = "<group>";
		};
		6542ABAC22EF922700EA910E /* DataStructures */ = {
			isa = PBXGroup;
			children = (
				6542ABAD22EF927900EA910E /* SortedRecentSet.swift */,
			);
			path = DataStructures;
			sourceTree = "<group>";
		};
		6580ED6022BFDFD4005D4E71 = {
			isa = PBXGroup;
			children = (
				6580ED6B22BFDFD4005D4E71 /* Mockingbird */,
				6580ED8422BFDFD7005D4E71 /* MockingbirdTests */,
				6580ED6A22BFDFD4005D4E71 /* Products */,
			);
			sourceTree = "<group>";
		};
		6580ED6A22BFDFD4005D4E71 /* Products */ = {
			isa = PBXGroup;
			children = (
				6580ED6922BFDFD4005D4E71 /* Mockingbird.app */,
				6580ED8122BFDFD7005D4E71 /* MockingbirdTests.xctest */,
			);
			name = Products;
			sourceTree = "<group>";
		};
		6580ED6B22BFDFD4005D4E71 /* Mockingbird */ = {
			isa = PBXGroup;
			children = (
				6580ED6C22BFDFD4005D4E71 /* AppDelegate.swift */,
				6542ABAC22EF922700EA910E /* DataStructures */,
				6542ABA022EDAB5B00EA910E /* Errors */,
				6580ED6E22BFDFD4005D4E71 /* ContentView.swift */,
				6542AB9B22EC782F00EA910E /* Views */,
				6580ED7322BFDFD7005D4E71 /* Assets.xcassets */,
				6580ED7822BFDFD7005D4E71 /* Main.storyboard */,
				6542ABA522EDCBE400EA910E /* Time */,
				653BD57522D1303A00FBFB3A /* WorkOuts */,
				653C03DB22CC0067000F507A /* Series */,
				656B493922CA9FE8001A5B0A /* Persistence.swift */,
				653BD56F22D1020A00FBFB3A /* Streaks */,
				656B493B22CAA007001A5B0A /* CsvPersistence.swift */,
				653BD57422D1025C00FBFB3A /* Settings */,
				6580ED7B22BFDFD7005D4E71 /* Info.plist */,
				6542AB9922EA545C00EA910E /* Utils.swift */,
				6580ED7C22BFDFD7005D4E71 /* Mockingbird.entitlements */,
				6580ED7022BFDFD4005D4E71 /* Mockingbird.xcdatamodeld */,
				6580ED7522BFDFD7005D4E71 /* Preview Content */,
			);
			path = Mockingbird;
			sourceTree = "<group>";
		};
		6580ED7522BFDFD7005D4E71 /* Preview Content */ = {
			isa = PBXGroup;
			children = (
				6580ED7622BFDFD7005D4E71 /* Preview Assets.xcassets */,
			);
			path = "Preview Content";
			sourceTree = "<group>";
		};
		6580ED8422BFDFD7005D4E71 /* MockingbirdTests */ = {
			isa = PBXGroup;
			children = (
				653C03D922CBE2AE000F507A /* WorkOutsManagerTest.swift */,
				6580ED8522BFDFD7005D4E71 /* MockingbirdTests.swift */,
				6580ED8722BFDFD7005D4E71 /* Info.plist */,
			);
			path = MockingbirdTests;
			sourceTree = "<group>";
		};
/* End PBXGroup section */

/* Begin PBXNativeTarget section */
		6580ED6822BFDFD4005D4E71 /* Mockingbird */ = {
			isa = PBXNativeTarget;
			buildConfigurationList = 6580ED8A22BFDFD7005D4E71 /* Build configuration list for PBXNativeTarget "Mockingbird" */;
			buildPhases = (
				6580ED6522BFDFD4005D4E71 /* Sources */,
				6580ED6622BFDFD4005D4E71 /* Frameworks */,
				6580ED6722BFDFD4005D4E71 /* Resources */,
			);
			buildRules = (
			);
			dependencies = (
			);
			name = Mockingbird;
			productName = Mockingbird;
			productReference = 6580ED6922BFDFD4005D4E71 /* Mockingbird.app */;
			productType = "com.apple.product-type.application";
		};
		6580ED8022BFDFD7005D4E71 /* MockingbirdTests */ = {
			isa = PBXNativeTarget;
			buildConfigurationList = 6580ED8D22BFDFD7005D4E71 /* Build configuration list for PBXNativeTarget "MockingbirdTests" */;
			buildPhases = (
				6580ED7D22BFDFD7005D4E71 /* Sources */,
				6580ED7E22BFDFD7005D4E71 /* Frameworks */,
				6580ED7F22BFDFD7005D4E71 /* Resources */,
			);
			buildRules = (
			);
			dependencies = (
				6580ED8322BFDFD7005D4E71 /* PBXTargetDependency */,
			);
			name = MockingbirdTests;
			productName = MockingbirdTests;
			productReference = 6580ED8122BFDFD7005D4E71 /* MockingbirdTests.xctest */;
			productType = "com.apple.product-type.bundle.unit-test";
		};
/* End PBXNativeTarget section */

/* Begin PBXProject section */
		6580ED6122BFDFD4005D4E71 /* Project object */ = {
			isa = PBXProject;
			attributes = {
				LastSwiftUpdateCheck = 1100;
				LastUpgradeCheck = 1100;
				ORGANIZATIONNAME = "Juan Cruz Lepore";
				TargetAttributes = {
					6580ED6822BFDFD4005D4E71 = {
						CreatedOnToolsVersion = 11.0;
					};
					6580ED8022BFDFD7005D4E71 = {
						CreatedOnToolsVersion = 11.0;
						TestTargetID = 6580ED6822BFDFD4005D4E71;
					};
				};
			};
			buildConfigurationList = 6580ED6422BFDFD4005D4E71 /* Build configuration list for PBXProject "Mockingbird" */;
			compatibilityVersion = "Xcode 9.3";
			developmentRegion = en;
			hasScannedForEncodings = 0;
			knownRegions = (
				en,
				Base,
			);
			mainGroup = 6580ED6022BFDFD4005D4E71;
			productRefGroup = 6580ED6A22BFDFD4005D4E71 /* Products */;
			projectDirPath = "";
			projectRoot = "";
			targets = (
				6580ED6822BFDFD4005D4E71 /* Mockingbird */,
				6580ED8022BFDFD7005D4E71 /* MockingbirdTests */,
			);
		};
/* End PBXProject section */

/* Begin PBXResourcesBuildPhase section */
		6580ED6722BFDFD4005D4E71 /* Resources */ = {
			isa = PBXResourcesBuildPhase;
			buildActionMask = 2147483647;
			files = (
				6580ED7A22BFDFD7005D4E71 /* Main.storyboard in Resources */,
				6580ED7722BFDFD7005D4E71 /* Preview Assets.xcassets in Resources */,
				6580ED7422BFDFD7005D4E71 /* Assets.xcassets in Resources */,
			);
			runOnlyForDeploymentPostprocessing = 0;
		};
		6580ED7F22BFDFD7005D4E71 /* Resources */ = {
			isa = PBXResourcesBuildPhase;
			buildActionMask = 2147483647;
			files = (
			);
			runOnlyForDeploymentPostprocessing = 0;
		};
/* End PBXResourcesBuildPhase section */

/* Begin PBXSourcesBuildPhase section */
		6580ED6522BFDFD4005D4E71 /* Sources */ = {
			isa = PBXSourcesBuildPhase;
			buildActionMask = 2147483647;
			files = (
				656B493C22CAA007001A5B0A /* CsvPersistence.swift in Sources */,
				653C03DD22CC0092000F507A /* DaySeries.swift in Sources */,
				6542ABA722EDCBFC00EA910E /* Day.swift in Sources */,
				6542B32D22CEB8430060763E /* MovementType.swift in Sources */,
				6542B32B22CE8D280060763E /* MuscleGroup.swift in Sources */,
				6542ABAB22EF8BE400EA910E /* AddSeriesView.swift in Sources */,
				6580ED6F22BFDFD4005D4E71 /* ContentView.swift in Sources */,
				656B493822CA9FA9001A5B0A /* WorkOutsManager.swift in Sources */,
				6542ABA922EDCD5C00EA910E /* Week.swift in Sources */,
				653BD57122D1023300FBFB3A /* Settings.swift in Sources */,
				656B493E22CABB77001A5B0A /* SeriesList.swift in Sources */,
				6542B32922CE85950060763E /* SingleWorkOutSeriesList.swift in Sources */,
				6580ED6D22BFDFD4005D4E71 /* AppDelegate.swift in Sources */,
				656B493A22CA9FE8001A5B0A /* Persistence.swift in Sources */,
				656B493222CA9084001A5B0A /* Series.swift in Sources */,
				6542ABA422EDC93600EA910E /* UnsupportedPeriodTypeError.swift in Sources */,
				656B493622CA90CD001A5B0A /* WorkOut.swift in Sources */,
				65F87FB922D14F880076BD40 /* DateUtils.swift in Sources */,
				6542ABAE22EF927900EA910E /* SortedRecentSet.swift in Sources */,
				6542ABA222EDAB8500EA910E /* UnexpectedFrequencyTypeError.swift in Sources */,
				653BD57322D1024800FBFB3A /* UserSettings.swift in Sources */,
				653BD57722D1305B00FBFB3A /* WorkOutDefinitions.swift in Sources */,
				6542AB9D22EC785F00EA910E /* StreaksView.swift in Sources */,
				6580ED7222BFDFD4005D4E71 /* Mockingbird.xcdatamodeld in Sources */,
				6542AB9A22EA545C00EA910E /* Utils.swift in Sources */,
				653BD56E22D101FD00FBFB3A /* StreaksManager.swift in Sources */,
				6542AB9F22ECC0C200EA910E /* Frequency.swift in Sources */,
			);
			runOnlyForDeploymentPostprocessing = 0;
		};
		6580ED7D22BFDFD7005D4E71 /* Sources */ = {
			isa = PBXSourcesBuildPhase;
			buildActionMask = 2147483647;
			files = (
				6580ED8622BFDFD7005D4E71 /* MockingbirdTests.swift in Sources */,
				653C03DA22CBE2AE000F507A /* WorkOutsManagerTest.swift in Sources */,
			);
			runOnlyForDeploymentPostprocessing = 0;
		};
/* End PBXSourcesBuildPhase section */

/* Begin PBXTargetDependency section */
		6580ED8322BFDFD7005D4E71 /* PBXTargetDependency */ = {
			isa = PBXTargetDependency;
			target = 6580ED6822BFDFD4005D4E71 /* Mockingbird */;
			targetProxy = 6580ED8222BFDFD7005D4E71 /* PBXContainerItemProxy */;
		};
/* End PBXTargetDependency section */

/* Begin PBXVariantGroup section */
		6580ED7822BFDFD7005D4E71 /* Main.storyboard */ = {
			isa = PBXVariantGroup;
			children = (
				6580ED7922BFDFD7005D4E71 /* Base */,
			);
			name = Main.storyboard;
			sourceTree = "<group>";
		};
/* End PBXVariantGroup section */

/* Begin XCBuildConfiguration section */
		6580ED8822BFDFD7005D4E71 /* Debug */ = {
			isa = XCBuildConfiguration;
			buildSettings = {
				ALWAYS_SEARCH_USER_PATHS = NO;
				CLANG_ANALYZER_NONNULL = YES;
				CLANG_ANALYZER_NUMBER_OBJECT_CONVERSION = YES_AGGRESSIVE;
				CLANG_CXX_LANGUAGE_STANDARD = "gnu++14";
				CLANG_CXX_LIBRARY = "libc++";
				CLANG_ENABLE_MODULES = YES;
				CLANG_ENABLE_OBJC_ARC = YES;
				CLANG_ENABLE_OBJC_WEAK = YES;
				CLANG_WARN_BLOCK_CAPTURE_AUTORELEASING = YES;
				CLANG_WARN_BOOL_CONVERSION = YES;
				CLANG_WARN_COMMA = YES;
				CLANG_WARN_CONSTANT_CONVERSION = YES;
				CLANG_WARN_DEPRECATED_OBJC_IMPLEMENTATIONS = YES;
				CLANG_WARN_DIRECT_OBJC_ISA_USAGE = YES_ERROR;
				CLANG_WARN_DOCUMENTATION_COMMENTS = YES;
				CLANG_WARN_EMPTY_BODY = YES;
				CLANG_WARN_ENUM_CONVERSION = YES;
				CLANG_WARN_INFINITE_RECURSION = YES;
				CLANG_WARN_INT_CONVERSION = YES;
				CLANG_WARN_NON_LITERAL_NULL_CONVERSION = YES;
				CLANG_WARN_OBJC_IMPLICIT_RETAIN_SELF = YES;
				CLANG_WARN_OBJC_LITERAL_CONVERSION = YES;
				CLANG_WARN_OBJC_ROOT_CLASS = YES_ERROR;
				CLANG_WARN_RANGE_LOOP_ANALYSIS = YES;
				CLANG_WARN_STRICT_PROTOTYPES = YES;
				CLANG_WARN_SUSPICIOUS_MOVE = YES;
				CLANG_WARN_UNGUARDED_AVAILABILITY = YES_AGGRESSIVE;
				CLANG_WARN_UNREACHABLE_CODE = YES;
				CLANG_WARN__DUPLICATE_METHOD_MATCH = YES;
				COPY_PHASE_STRIP = NO;
				DEBUG_INFORMATION_FORMAT = dwarf;
				ENABLE_STRICT_OBJC_MSGSEND = YES;
				ENABLE_TESTABILITY = YES;
				GCC_C_LANGUAGE_STANDARD = gnu11;
				GCC_DYNAMIC_NO_PIC = NO;
				GCC_NO_COMMON_BLOCKS = YES;
				GCC_OPTIMIZATION_LEVEL = 0;
				GCC_PREPROCESSOR_DEFINITIONS = (
					"DEBUG=1",
					"$(inherited)",
				);
				GCC_WARN_64_TO_32_BIT_CONVERSION = YES;
				GCC_WARN_ABOUT_RETURN_TYPE = YES_ERROR;
				GCC_WARN_UNDECLARED_SELECTOR = YES;
				GCC_WARN_UNINITIALIZED_AUTOS = YES_AGGRESSIVE;
				GCC_WARN_UNUSED_FUNCTION = YES;
				GCC_WARN_UNUSED_VARIABLE = YES;
				MACOSX_DEPLOYMENT_TARGET = 10.15;
				MTL_ENABLE_DEBUG_INFO = INCLUDE_SOURCE;
				MTL_FAST_MATH = YES;
				ONLY_ACTIVE_ARCH = YES;
				SDKROOT = macosx;
				SWIFT_ACTIVE_COMPILATION_CONDITIONS = DEBUG;
				SWIFT_OPTIMIZATION_LEVEL = "-Onone";
			};
			name = Debug;
		};
		6580ED8922BFDFD7005D4E71 /* Release */ = {
			isa = XCBuildConfiguration;
			buildSettings = {
				ALWAYS_SEARCH_USER_PATHS = NO;
				CLANG_ANALYZER_NONNULL = YES;
				CLANG_ANALYZER_NUMBER_OBJECT_CONVERSION = YES_AGGRESSIVE;
				CLANG_CXX_LANGUAGE_STANDARD = "gnu++14";
				CLANG_CXX_LIBRARY = "libc++";
				CLANG_ENABLE_MODULES = YES;
				CLANG_ENABLE_OBJC_ARC = YES;
				CLANG_ENABLE_OBJC_WEAK = YES;
				CLANG_WARN_BLOCK_CAPTURE_AUTORELEASING = YES;
				CLANG_WARN_BOOL_CONVERSION = YES;
				CLANG_WARN_COMMA = YES;
				CLANG_WARN_CONSTANT_CONVERSION = YES;
				CLANG_WARN_DEPRECATED_OBJC_IMPLEMENTATIONS = YES;
				CLANG_WARN_DIRECT_OBJC_ISA_USAGE = YES_ERROR;
				CLANG_WARN_DOCUMENTATION_COMMENTS = YES;
				CLANG_WARN_EMPTY_BODY = YES;
				CLANG_WARN_ENUM_CONVERSION = YES;
				CLANG_WARN_INFINITE_RECURSION = YES;
				CLANG_WARN_INT_CONVERSION = YES;
				CLANG_WARN_NON_LITERAL_NULL_CONVERSION = YES;
				CLANG_WARN_OBJC_IMPLICIT_RETAIN_SELF = YES;
				CLANG_WARN_OBJC_LITERAL_CONVERSION = YES;
				CLANG_WARN_OBJC_ROOT_CLASS = YES_ERROR;
				CLANG_WARN_RANGE_LOOP_ANALYSIS = YES;
				CLANG_WARN_STRICT_PROTOTYPES = YES;
				CLANG_WARN_SUSPICIOUS_MOVE = YES;
				CLANG_WARN_UNGUARDED_AVAILABILITY = YES_AGGRESSIVE;
				CLANG_WARN_UNREACHABLE_CODE = YES;
				CLANG_WARN__DUPLICATE_METHOD_MATCH = YES;
				COPY_PHASE_STRIP = NO;
				DEBUG_INFORMATION_FORMAT = "dwarf-with-dsym";
				ENABLE_NS_ASSERTIONS = NO;
				ENABLE_STRICT_OBJC_MSGSEND = YES;
				GCC_C_LANGUAGE_STANDARD = gnu11;
				GCC_NO_COMMON_BLOCKS = YES;
				GCC_WARN_64_TO_32_BIT_CONVERSION = YES;
				GCC_WARN_ABOUT_RETURN_TYPE = YES_ERROR;
				GCC_WARN_UNDECLARED_SELECTOR = YES;
				GCC_WARN_UNINITIALIZED_AUTOS = YES_AGGRESSIVE;
				GCC_WARN_UNUSED_FUNCTION = YES;
				GCC_WARN_UNUSED_VARIABLE = YES;
				MACOSX_DEPLOYMENT_TARGET = 10.15;
				MTL_ENABLE_DEBUG_INFO = NO;
				MTL_FAST_MATH = YES;
				SDKROOT = macosx;
				SWIFT_COMPILATION_MODE = wholemodule;
				SWIFT_OPTIMIZATION_LEVEL = "-O";
			};
			name = Release;
		};
		6580ED8B22BFDFD7005D4E71 /* Debug */ = {
			isa = XCBuildConfiguration;
			buildSettings = {
				ASSETCATALOG_COMPILER_APPICON_NAME = AppIcon;
				CODE_SIGN_ENTITLEMENTS = Mockingbird/Mockingbird.entitlements;
				CODE_SIGN_STYLE = Automatic;
				COMBINE_HIDPI_IMAGES = YES;
				DEVELOPMENT_ASSET_PATHS = "Mockingbird/Preview\\ Content";
				DEVELOPMENT_TEAM = PLY5RP22RG;
				ENABLE_HARDENED_RUNTIME = YES;
				ENABLE_PREVIEWS = YES;
				INFOPLIST_FILE = Mockingbird/Info.plist;
				LD_RUNPATH_SEARCH_PATHS = (
					"$(inherited)",
					"@executable_path/../Frameworks",
				);
				PRODUCT_BUNDLE_IDENTIFIER = jcl.Mockingbird;
				PRODUCT_NAME = "$(TARGET_NAME)";
				SWIFT_VERSION = 5.0;
			};
			name = Debug;
		};
		6580ED8C22BFDFD7005D4E71 /* Release */ = {
			isa = XCBuildConfiguration;
			buildSettings = {
				ASSETCATALOG_COMPILER_APPICON_NAME = AppIcon;
				CODE_SIGN_ENTITLEMENTS = Mockingbird/Mockingbird.entitlements;
				CODE_SIGN_STYLE = Automatic;
				COMBINE_HIDPI_IMAGES = YES;
				DEVELOPMENT_ASSET_PATHS = "Mockingbird/Preview\\ Content";
				DEVELOPMENT_TEAM = PLY5RP22RG;
				ENABLE_HARDENED_RUNTIME = YES;
				ENABLE_PREVIEWS = YES;
				INFOPLIST_FILE = Mockingbird/Info.plist;
				LD_RUNPATH_SEARCH_PATHS = (
					"$(inherited)",
					"@executable_path/../Frameworks",
				);
				PRODUCT_BUNDLE_IDENTIFIER = jcl.Mockingbird;
				PRODUCT_NAME = "$(TARGET_NAME)";
				SWIFT_VERSION = 5.0;
			};
			name = Release;
		};
		6580ED8E22BFDFD7005D4E71 /* Debug */ = {
			isa = XCBuildConfiguration;
			buildSettings = {
				ALWAYS_EMBED_SWIFT_STANDARD_LIBRARIES = YES;
				BUNDLE_LOADER = "$(TEST_HOST)";
				CODE_SIGN_STYLE = Automatic;
				COMBINE_HIDPI_IMAGES = YES;
				DEVELOPMENT_TEAM = PLY5RP22RG;
				INFOPLIST_FILE = MockingbirdTests/Info.plist;
				LD_RUNPATH_SEARCH_PATHS = (
					"$(inherited)",
					"@executable_path/../Frameworks",
					"@loader_path/../Frameworks",
				);
				PRODUCT_BUNDLE_IDENTIFIER = jcl.MockingbirdTests;
				PRODUCT_NAME = "$(TARGET_NAME)";
				SWIFT_VERSION = 5.0;
				TEST_HOST = "$(BUILT_PRODUCTS_DIR)/Mockingbird.app/Contents/MacOS/Mockingbird";
			};
			name = Debug;
		};
		6580ED8F22BFDFD7005D4E71 /* Release */ = {
			isa = XCBuildConfiguration;
			buildSettings = {
				ALWAYS_EMBED_SWIFT_STANDARD_LIBRARIES = YES;
				BUNDLE_LOADER = "$(TEST_HOST)";
				CODE_SIGN_STYLE = Automatic;
				COMBINE_HIDPI_IMAGES = YES;
				DEVELOPMENT_TEAM = PLY5RP22RG;
				INFOPLIST_FILE = MockingbirdTests/Info.plist;
				LD_RUNPATH_SEARCH_PATHS = (
					"$(inherited)",
					"@executable_path/../Frameworks",
					"@loader_path/../Frameworks",
				);
				PRODUCT_BUNDLE_IDENTIFIER = jcl.MockingbirdTests;
				PRODUCT_NAME = "$(TARGET_NAME)";
				SWIFT_VERSION = 5.0;
				TEST_HOST = "$(BUILT_PRODUCTS_DIR)/Mockingbird.app/Contents/MacOS/Mockingbird";
			};
			name = Release;
		};
/* End XCBuildConfiguration section */

/* Begin XCConfigurationList section */
		6580ED6422BFDFD4005D4E71 /* Build configuration list for PBXProject "Mockingbird" */ = {
			isa = XCConfigurationList;
			buildConfigurations = (
				6580ED8822BFDFD7005D4E71 /* Debug */,
				6580ED8922BFDFD7005D4E71 /* Release */,
			);
			defaultConfigurationIsVisible = 0;
			defaultConfigurationName = Release;
		};
		6580ED8A22BFDFD7005D4E71 /* Build configuration list for PBXNativeTarget "Mockingbird" */ = {
			isa = XCConfigurationList;
			buildConfigurations = (
				6580ED8B22BFDFD7005D4E71 /* Debug */,
				6580ED8C22BFDFD7005D4E71 /* Release */,
			);
			defaultConfigurationIsVisible = 0;
			defaultConfigurationName = Release;
		};
		6580ED8D22BFDFD7005D4E71 /* Build configuration list for PBXNativeTarget "MockingbirdTests" */ = {
			isa = XCConfigurationList;
			buildConfigurations = (
				6580ED8E22BFDFD7005D4E71 /* Debug */,
				6580ED8F22BFDFD7005D4E71 /* Release */,
			);
			defaultConfigurationIsVisible = 0;
			defaultConfigurationName = Release;
		};
/* End XCConfigurationList section */

/* Begin XCVersionGroup section */
		6580ED7022BFDFD4005D4E71 /* Mockingbird.xcdatamodeld */ = {
			isa = XCVersionGroup;
			children = (
				6580ED7122BFDFD4005D4E71 /* Mockingbird.xcdatamodel */,
			);
			currentVersion = 6580ED7122BFDFD4005D4E71 /* Mockingbird.xcdatamodel */;
			path = Mockingbird.xcdatamodeld;
			sourceTree = "<group>";
			versionGroupType = wrapper.xcdatamodel;
		};
/* End XCVersionGroup section */
	};
	rootObject = 6580ED6122BFDFD4005D4E71 /* Project object */;
}
